
Microsoft Visual Studio Solution File, Format Version 12.00
# Visual Studio Version 17
VisualStudioVersion = 17.0.31903.59
MinimumVisualStudioVersion = 10.0.40219.1
Project("{FAE04EC0-301F-11D3-BF4B-00C04F79EFBC}") = "GroupSpace", "GroupSpace.csproj", "{4E6A54A2-E16E-4FE6-A205-5DF67728CD7D}"
EndProject
Global
	GlobalSection(SolutionConfigurationPlatforms) = preSolution
		Debug|Any CPU = Debug|Any CPU
		Release|Any CPU = Release|Any CPU
	EndGlobalSection
	GlobalSection(ProjectConfigurationPlatforms) = postSolution
		{4E6A54A2-E16E-4FE6-A205-5DF67728CD7D}.Debug|Any CPU.ActiveCfg = Debug|Any CPU
		{4E6A54A2-E16E-4FE6-A205-5DF67728CD7D}.Debug|Any CPU.Build.0 = Debug|Any CPU
		{4E6A54A2-E16E-4FE6-A205-5DF67728CD7D}.Release|Any CPU.ActiveCfg = Release|Any CPU
		{4E6A54A2-E16E-4FE6-A205-5DF67728CD7D}.Release|Any CPU.Build.0 = Release|Any CPU
	EndGlobalSection
	GlobalSection(SolutionProperties) = preSolution
		HideSolutionNode = FALSE
	EndGlobalSection
	GlobalSection(ExtensibilityGlobals) = postSolution
		SolutionGuid = {88D616DB-5E8B-4BCA-BB80-C1E780ACAB17}
	EndGlobalSection
EndGlobal
